<?xml version="1.0" encoding="utf-8"?>
<Project ToolsVersion="4.0" xmlns="http://schemas.microsoft.com/developer/msbuild/2003">
  <ItemGroup>
    <ClCompile Include="Codes.cpp" />
    <ClCompile Include="mainwindow.cpp" />
    <ClCompile Include="PreProcessing.cpp" />
    <ClCompile Include="ModuleManager.cpp" />
    <ClCompile Include="$(BuildDir)\Moc\$(ProjectName)\moc_mainwindow.cpp" />
    <ClCompile Include="$(BuildDir)\Moc\$(ProjectName)\moc_PreProcessing.cpp" />
    <ClCompile Include="attributebased.cpp" />
    <ClCompile Include="pain2img.cpp" />
    <ClCompile Include="$(BuildDir)\Moc\$(ProjectName)\moc_attributebased.cpp" />
    <ClCompile Include="$(BuildDir)\Moc\$(ProjectName)\moc_pain2img.cpp" />
    <ClCompile Include="paint_box.cpp" />
    <ClCompile Include="choosesample.cpp" />
    <ClCompile Include="$(BuildDir)\Moc\$(ProjectName)\moc_choosesample.cpp" />
    <ClCompile Include="$(BuildDir)\Moc\$(ProjectName)\moc_paint_box.cpp" />
    <ClCompile Include="changeDetection.cpp" />
  </ItemGroup>
  <ItemGroup>
    <ClInclude Include="codes.h" />
    <ClInclude Include="$(BuildDir)\Uic\$(ProjectName)\ui_mainwindow.h" />
    <ClInclude Include="$(BuildDir)\Uic\$(ProjectName)\ui_attributebased.h" />
    <ClInclude Include="$(BuildDir)\Uic\$(ProjectName)\ui_choosesample.h" />
    <ClInclude Include="changeDetection.h" />
  </ItemGroup>
  <ItemGroup>
    <CustomBuild Include="mainwindow.h" />
    <CustomBuild Include="PreProcessing.h" />
    <CustomBuild Include="mainwindow.ui" />
    <CustomBuild Include="attributebased.h" />
    <CustomBuild Include="pain2img.h" />
    <CustomBuild Include="attributebased.ui" />
    <CustomBuild Include="choosesample.h" />
    <CustomBuild Include="paint_box.h" />
    <CustomBuild Include="choosesample.ui" />
  </ItemGroup>
</Project>